
Microsoft Visual Studio Solution File, Format Version 12.00
# Visual Studio Version 17
VisualStudioVersion = 17.3.32825.248
MinimumVisualStudioVersion = 10.0.40219.1
Project("{9A19103F-16F7-4668-BE54-9A1E7A4F7556}") = "CSACVM", "CSACVM\CSACVM.csproj", "{FF03722D-FC15-448F-9DA4-D0AFE3FFECB2}"
	ProjectSection(ProjectDependencies) = postProject
		{975E3FDA-193B-46C0-A1A8-2F6D4914C026} = {975E3FDA-193B-46C0-A1A8-2F6D4914C026}
	EndProjectSection
EndProject
Project("{9A19103F-16F7-4668-BE54-9A1E7A4F7556}") = "CSACVM.AccesoDatos", "CSACVM.AccesoDatos\CSACVM.AccesoDatos.csproj", "{F008E8B5-B3AA-432F-A0E7-3582E46EE14F}"
EndProject
Project("{9A19103F-16F7-4668-BE54-9A1E7A4F7556}") = "CSACVM.Modelos", "CSACVM.Modelos\CSACVM.Modelos.csproj", "{D0004356-C723-4448-95D1-4652B8E4DC23}"
EndProject
Project("{FAE04EC0-301F-11D3-BF4B-00C04F79EFBC}") = "CSACVM.Exceptions", "CSACVM.Exceptions\CSACVM.Exceptions.csproj", "{975E3FDA-193B-46C0-A1A8-2F6D4914C026}"
EndProject
Global
	GlobalSection(SolutionConfigurationPlatforms) = preSolution
		Debug|Any CPU = Debug|Any CPU
		Release|Any CPU = Release|Any CPU
	EndGlobalSection
	GlobalSection(ProjectConfigurationPlatforms) = postSolution
		{FF03722D-FC15-448F-9DA4-D0AFE3FFECB2}.Debug|Any CPU.ActiveCfg = Debug|Any CPU
		{FF03722D-FC15-448F-9DA4-D0AFE3FFECB2}.Debug|Any CPU.Build.0 = Debug|Any CPU
		{FF03722D-FC15-448F-9DA4-D0AFE3FFECB2}.Release|Any CPU.ActiveCfg = Release|Any CPU
		{FF03722D-FC15-448F-9DA4-D0AFE3FFECB2}.Release|Any CPU.Build.0 = Release|Any CPU
		{F008E8B5-B3AA-432F-A0E7-3582E46EE14F}.Debug|Any CPU.ActiveCfg = Debug|Any CPU
		{F008E8B5-B3AA-432F-A0E7-3582E46EE14F}.Debug|Any CPU.Build.0 = Debug|Any CPU
		{F008E8B5-B3AA-432F-A0E7-3582E46EE14F}.Release|Any CPU.ActiveCfg = Release|Any CPU
		{F008E8B5-B3AA-432F-A0E7-3582E46EE14F}.Release|Any CPU.Build.0 = Release|Any CPU
		{D0004356-C723-4448-95D1-4652B8E4DC23}.Debug|Any CPU.ActiveCfg = Debug|Any CPU
		{D0004356-C723-4448-95D1-4652B8E4DC23}.Debug|Any CPU.Build.0 = Debug|Any CPU
		{D0004356-C723-4448-95D1-4652B8E4DC23}.Release|Any CPU.ActiveCfg = Release|Any CPU
		{D0004356-C723-4448-95D1-4652B8E4DC23}.Release|Any CPU.Build.0 = Release|Any CPU
		{975E3FDA-193B-46C0-A1A8-2F6D4914C026}.Debug|Any CPU.ActiveCfg = Debug|Any CPU
		{975E3FDA-193B-46C0-A1A8-2F6D4914C026}.Debug|Any CPU.Build.0 = Debug|Any CPU
		{975E3FDA-193B-46C0-A1A8-2F6D4914C026}.Release|Any CPU.ActiveCfg = Release|Any CPU
		{975E3FDA-193B-46C0-A1A8-2F6D4914C026}.Release|Any CPU.Build.0 = Release|Any CPU
	EndGlobalSection
	GlobalSection(SolutionProperties) = preSolution
		HideSolutionNode = FALSE
	EndGlobalSection
	GlobalSection(ExtensibilityGlobals) = postSolution
		SolutionGuid = {56236568-B894-46E5-B697-B1481781351E}
	EndGlobalSection
EndGlobal
